// !$*UTF8*$!
{
	archiveVersion = 1;
	classes = {
	};
	objectVersion = 70;
	objects = {

/* Begin PBXBuildFile section */
		D804FB112C081A2F004F8666 /* FrontmatterSwift in Frameworks */ = {isa = PBXBuildFile; productRef = D804FB102C081A2F004F8666 /* FrontmatterSwift */; };
		D85FC1412BEEC3EC0004FAB3 /* TagField in Frameworks */ = {isa = PBXBuildFile; productRef = D85FC1402BEEC3EC0004FAB3 /* TagField */; };
		D86255892C0924CD0044BD37 /* FSEventsWrapper in Frameworks */ = {isa = PBXBuildFile; productRef = D86255882C0924CD0044BD37 /* FSEventsWrapper */; };
		D87707B52C01592400362786 /* HotKey in Frameworks */ = {isa = PBXBuildFile; productRef = D87707B42C01592400362786 /* HotKey */; };
		D892249A2BD70CC300DA0932 /* Yams in Frameworks */ = {isa = PBXBuildFile; productRef = D89224992BD70CC300DA0932 /* Yams */; };
		D8BA4D492BE59E16001A2A26 /* HighlightedTextEditor in Frameworks */ = {isa = PBXBuildFile; productRef = D8BA4D482BE59E16001A2A26 /* HighlightedTextEditor */; };
		D8C283E92BD9954F00161C82 /* HashRainbow in Frameworks */ = {isa = PBXBuildFile; productRef = D8C283E82BD9954F00161C82 /* HashRainbow */; };
		D8F06D4B2B67275B0039AEF4 /* Diligence in Frameworks */ = {isa = PBXBuildFile; productRef = D8F06D4A2B67275B0039AEF4 /* Diligence */; };
		D8F06D4E2B6727630039AEF4 /* Interact in Frameworks */ = {isa = PBXBuildFile; productRef = D8F06D4D2B6727630039AEF4 /* Interact */; };
/* End PBXBuildFile section */

/* Begin PBXContainerItemProxy section */
		D852AF102B6027CD00B77A3D /* PBXContainerItemProxy */ = {
			isa = PBXContainerItemProxy;
			containerPortal = D852AEF62B6027CA00B77A3D /* Project object */;
			proxyType = 1;
			remoteGlobalIDString = D852AEFD2B6027CA00B77A3D;
			remoteInfo = "Disk Stickies";
		};
		D852AF1A2B6027CD00B77A3D /* PBXContainerItemProxy */ = {
			isa = PBXContainerItemProxy;
			containerPortal = D852AEF62B6027CA00B77A3D /* Project object */;
			proxyType = 1;
			remoteGlobalIDString = D852AEFD2B6027CA00B77A3D;
			remoteInfo = "Disk Stickies";
		};
/* End PBXContainerItemProxy section */

/* Begin PBXFileReference section */
		D852AEFE2B6027CA00B77A3D /* Thoughts.app */ = {isa = PBXFileReference; explicitFileType = wrapper.application; includeInIndex = 0; path = Thoughts.app; sourceTree = BUILT_PRODUCTS_DIR; };
		D852AF0F2B6027CD00B77A3D /* ThoughtsTests.xctest */ = {isa = PBXFileReference; explicitFileType = wrapper.cfbundle; includeInIndex = 0; path = ThoughtsTests.xctest; sourceTree = BUILT_PRODUCTS_DIR; };
		D852AF192B6027CD00B77A3D /* ThoughtsUITests.xctest */ = {isa = PBXFileReference; explicitFileType = wrapper.cfbundle; includeInIndex = 0; path = ThoughtsUITests.xctest; sourceTree = BUILT_PRODUCTS_DIR; };
/* End PBXFileReference section */

/* Begin PBXFileSystemSynchronizedBuildFileExceptionSet section */
		D8184AED2E1D27A200D46CE7 /* PBXFileSystemSynchronizedBuildFileExceptionSet */ = {
			isa = PBXFileSystemSynchronizedBuildFileExceptionSet;
			membershipExceptions = (
				Info.plist,
			);
			target = D852AEFD2B6027CA00B77A3D /* Thoughts */;
		};
/* End PBXFileSystemSynchronizedBuildFileExceptionSet section */

/* Begin PBXFileSystemSynchronizedRootGroup section */
		D8184A6F2E1D278900D46CE7 /* ThoughtsUITests */ = {isa = PBXFileSystemSynchronizedRootGroup; explicitFileTypes = {}; explicitFolders = (); path = ThoughtsUITests; sourceTree = "<group>"; };
		D8184A782E1D278C00D46CE7 /* ThoughtsTests */ = {isa = PBXFileSystemSynchronizedRootGroup; explicitFileTypes = {}; explicitFolders = (); path = ThoughtsTests; sourceTree = "<group>"; };
		D8184ABB2E1D27A200D46CE7 /* Thoughts */ = {isa = PBXFileSystemSynchronizedRootGroup; exceptions = (D8184AED2E1D27A200D46CE7 /* PBXFileSystemSynchronizedBuildFileExceptionSet */, ); explicitFileTypes = {}; explicitFolders = (); path = Thoughts; sourceTree = "<group>"; };
/* End PBXFileSystemSynchronizedRootGroup section */

/* Begin PBXFrameworksBuildPhase section */
		D852AEFB2B6027CA00B77A3D /* Frameworks */ = {
			isa = PBXFrameworksBuildPhase;
			buildActionMask = 2147483647;
			files = (
				D8F06D4E2B6727630039AEF4 /* Interact in Frameworks */,
				D8C283E92BD9954F00161C82 /* HashRainbow in Frameworks */,
				D85FC1412BEEC3EC0004FAB3 /* TagField in Frameworks */,
				D804FB112C081A2F004F8666 /* FrontmatterSwift in Frameworks */,
				D8BA4D492BE59E16001A2A26 /* HighlightedTextEditor in Frameworks */,
				D892249A2BD70CC300DA0932 /* Yams in Frameworks */,
				D86255892C0924CD0044BD37 /* FSEventsWrapper in Frameworks */,
				D8F06D4B2B67275B0039AEF4 /* Diligence in Frameworks */,
				D87707B52C01592400362786 /* HotKey in Frameworks */,
			);
			runOnlyForDeploymentPostprocessing = 0;
		};
		D852AF0C2B6027CD00B77A3D /* Frameworks */ = {
			isa = PBXFrameworksBuildPhase;
			buildActionMask = 2147483647;
			files = (
			);
			runOnlyForDeploymentPostprocessing = 0;
		};
		D852AF162B6027CD00B77A3D /* Frameworks */ = {
			isa = PBXFrameworksBuildPhase;
			buildActionMask = 2147483647;
			files = (
			);
			runOnlyForDeploymentPostprocessing = 0;
		};
/* End PBXFrameworksBuildPhase section */

/* Begin PBXGroup section */
		D852AEF52B6027CA00B77A3D = {
			isa = PBXGroup;
			children = (
				D8184ABB2E1D27A200D46CE7 /* Thoughts */,
				D8184A782E1D278C00D46CE7 /* ThoughtsTests */,
				D8184A6F2E1D278900D46CE7 /* ThoughtsUITests */,
				D852AEFF2B6027CA00B77A3D /* Products */,
				D8C283EA2BD9955D00161C82 /* Frameworks */,
			);
			sourceTree = "<group>";
		};
		D852AEFF2B6027CA00B77A3D /* Products */ = {
			isa = PBXGroup;
			children = (
				D852AEFE2B6027CA00B77A3D /* Thoughts.app */,
				D852AF0F2B6027CD00B77A3D /* ThoughtsTests.xctest */,
				D852AF192B6027CD00B77A3D /* ThoughtsUITests.xctest */,
			);
			name = Products;
			sourceTree = "<group>";
		};
		D8C283EA2BD9955D00161C82 /* Frameworks */ = {
			isa = PBXGroup;
			children = (
			);
			name = Frameworks;
			sourceTree = "<group>";
		};
/* End PBXGroup section */

/* Begin PBXNativeTarget section */
		D852AEFD2B6027CA00B77A3D /* Thoughts */ = {
			isa = PBXNativeTarget;
			buildConfigurationList = D852AF232B6027CD00B77A3D /* Build configuration list for PBXNativeTarget "Thoughts" */;
			buildPhases = (
				D852AEFA2B6027CA00B77A3D /* Sources */,
				D852AEFB2B6027CA00B77A3D /* Frameworks */,
				D852AEFC2B6027CA00B77A3D /* Resources */,
			);
			buildRules = (
			);
			dependencies = (
			);
			fileSystemSynchronizedGroups = (
				D8184ABB2E1D27A200D46CE7 /* Thoughts */,
			);
			name = Thoughts;
			packageProductDependencies = (
				D8F06D4A2B67275B0039AEF4 /* Diligence */,
				D8F06D4D2B6727630039AEF4 /* Interact */,
				D89224992BD70CC300DA0932 /* Yams */,
				D8C283E82BD9954F00161C82 /* HashRainbow */,
				D8BA4D482BE59E16001A2A26 /* HighlightedTextEditor */,
				D85FC1402BEEC3EC0004FAB3 /* TagField */,
				D87707B42C01592400362786 /* HotKey */,
				D804FB102C081A2F004F8666 /* FrontmatterSwift */,
				D86255882C0924CD0044BD37 /* FSEventsWrapper */,
			);
			productName = "Disk Stickies";
			productReference = D852AEFE2B6027CA00B77A3D /* Thoughts.app */;
			productType = "com.apple.product-type.application";
		};
		D852AF0E2B6027CD00B77A3D /* ThoughtsTests */ = {
			isa = PBXNativeTarget;
			buildConfigurationList = D852AF262B6027CD00B77A3D /* Build configuration list for PBXNativeTarget "ThoughtsTests" */;
			buildPhases = (
				D852AF0B2B6027CD00B77A3D /* Sources */,
				D852AF0C2B6027CD00B77A3D /* Frameworks */,
				D852AF0D2B6027CD00B77A3D /* Resources */,
			);
			buildRules = (
			);
			dependencies = (
				D852AF112B6027CD00B77A3D /* PBXTargetDependency */,
			);
			fileSystemSynchronizedGroups = (
				D8184A782E1D278C00D46CE7 /* ThoughtsTests */,
			);
			name = ThoughtsTests;
			productName = "Disk StickiesTests";
			productReference = D852AF0F2B6027CD00B77A3D /* ThoughtsTests.xctest */;
			productType = "com.apple.product-type.bundle.unit-test";
		};
		D852AF182B6027CD00B77A3D /* ThoughtsUITests */ = {
			isa = PBXNativeTarget;
			buildConfigurationList = D852AF292B6027CD00B77A3D /* Build configuration list for PBXNativeTarget "ThoughtsUITests" */;
			buildPhases = (
				D852AF152B6027CD00B77A3D /* Sources */,
				D852AF162B6027CD00B77A3D /* Frameworks */,
				D852AF172B6027CD00B77A3D /* Resources */,
			);
			buildRules = (
			);
			dependencies = (
				D852AF1B2B6027CD00B77A3D /* PBXTargetDependency */,
			);
			fileSystemSynchronizedGroups = (
				D8184A6F2E1D278900D46CE7 /* ThoughtsUITests */,
			);
			name = ThoughtsUITests;
			productName = "Disk StickiesUITests";
			productReference = D852AF192B6027CD00B77A3D /* ThoughtsUITests.xctest */;
			productType = "com.apple.product-type.bundle.ui-testing";
		};
/* End PBXNativeTarget section */

/* Begin PBXProject section */
		D852AEF62B6027CA00B77A3D /* Project object */ = {
			isa = PBXProject;
			attributes = {
				BuildIndependentTargetsInParallel = 1;
				LastSwiftUpdateCheck = 1520;
				LastUpgradeCheck = 1530;
				TargetAttributes = {
					D852AEFD2B6027CA00B77A3D = {
						CreatedOnToolsVersion = 15.2;
					};
					D852AF0E2B6027CD00B77A3D = {
						CreatedOnToolsVersion = 15.2;
						TestTargetID = D852AEFD2B6027CA00B77A3D;
					};
					D852AF182B6027CD00B77A3D = {
						CreatedOnToolsVersion = 15.2;
						TestTargetID = D852AEFD2B6027CA00B77A3D;
					};
				};
			};
			buildConfigurationList = D852AEF92B6027CA00B77A3D /* Build configuration list for PBXProject "Thoughts" */;
			compatibilityVersion = "Xcode 14.0";
			developmentRegion = en;
			hasScannedForEncodings = 0;
			knownRegions = (
				en,
				Base,
			);
			mainGroup = D852AEF52B6027CA00B77A3D;
			packageReferences = (
				D8F06D492B67275B0039AEF4 /* XCLocalSwiftPackageReference "dependencies/diligence" */,
				D8F06D4C2B6727630039AEF4 /* XCLocalSwiftPackageReference "dependencies/interact" */,
				D89224982BD70CC300DA0932 /* XCRemoteSwiftPackageReference "Yams" */,
				D8C283E72BD9954F00161C82 /* XCRemoteSwiftPackageReference "HashRainbow" */,
				D8BA4D472BE59DC5001A2A26 /* XCLocalSwiftPackageReference "dependencies/HighlightedTextEditor" */,
				D85FC13F2BEEC3EC0004FAB3 /* XCLocalSwiftPackageReference "dependencies/TagField" */,
				D87707B32C01592400362786 /* XCRemoteSwiftPackageReference "HotKey" */,
				D804FB0F2C081A2F004F8666 /* XCLocalSwiftPackageReference "dependencies/FrontmatterSwift" */,
				D86255872C0924CD0044BD37 /* XCRemoteSwiftPackageReference "FSEventsWrapper" */,
			);
			productRefGroup = D852AEFF2B6027CA00B77A3D /* Products */;
			projectDirPath = "";
			projectRoot = "";
			targets = (
				D852AEFD2B6027CA00B77A3D /* Thoughts */,
				D852AF0E2B6027CD00B77A3D /* ThoughtsTests */,
				D852AF182B6027CD00B77A3D /* ThoughtsUITests */,
			);
		};
/* End PBXProject section */

/* Begin PBXResourcesBuildPhase section */
		D852AEFC2B6027CA00B77A3D /* Resources */ = {
			isa = PBXResourcesBuildPhase;
			buildActionMask = 2147483647;
			files = (
			);
			runOnlyForDeploymentPostprocessing = 0;
		};
		D852AF0D2B6027CD00B77A3D /* Resources */ = {
			isa = PBXResourcesBuildPhase;
			buildActionMask = 2147483647;
			files = (
			);
			runOnlyForDeploymentPostprocessing = 0;
		};
		D852AF172B6027CD00B77A3D /* Resources */ = {
			isa = PBXResourcesBuildPhase;
			buildActionMask = 2147483647;
			files = (
			);
			runOnlyForDeploymentPostprocessing = 0;
		};
/* End PBXResourcesBuildPhase section */

/* Begin PBXSourcesBuildPhase section */
		D852AEFA2B6027CA00B77A3D /* Sources */ = {
			isa = PBXSourcesBuildPhase;
			buildActionMask = 2147483647;
			files = (
			);
			runOnlyForDeploymentPostprocessing = 0;
		};
		D852AF0B2B6027CD00B77A3D /* Sources */ = {
			isa = PBXSourcesBuildPhase;
			buildActionMask = 2147483647;
			files = (
			);
			runOnlyForDeploymentPostprocessing = 0;
		};
		D852AF152B6027CD00B77A3D /* Sources */ = {
			isa = PBXSourcesBuildPhase;
			buildActionMask = 2147483647;
			files = (
			);
			runOnlyForDeploymentPostprocessing = 0;
		};
/* End PBXSourcesBuildPhase section */

/* Begin PBXTargetDependency section */
		D852AF112B6027CD00B77A3D /* PBXTargetDependency */ = {
			isa = PBXTargetDependency;
			target = D852AEFD2B6027CA00B77A3D /* Thoughts */;
			targetProxy = D852AF102B6027CD00B77A3D /* PBXContainerItemProxy */;
		};
		D852AF1B2B6027CD00B77A3D /* PBXTargetDependency */ = {
			isa = PBXTargetDependency;
			target = D852AEFD2B6027CA00B77A3D /* Thoughts */;
			targetProxy = D852AF1A2B6027CD00B77A3D /* PBXContainerItemProxy */;
		};
/* End PBXTargetDependency section */

/* Begin XCBuildConfiguration section */
		D852AF212B6027CD00B77A3D /* Debug */ = {
			isa = XCBuildConfiguration;
			buildSettings = {
				ALWAYS_SEARCH_USER_PATHS = NO;
				ASSETCATALOG_COMPILER_GENERATE_SWIFT_ASSET_SYMBOL_EXTENSIONS = YES;
				CLANG_ANALYZER_NONNULL = YES;
				CLANG_ANALYZER_NUMBER_OBJECT_CONVERSION = YES_AGGRESSIVE;
				CLANG_CXX_LANGUAGE_STANDARD = "gnu++20";
				CLANG_ENABLE_MODULES = YES;
				CLANG_ENABLE_OBJC_ARC = YES;
				CLANG_ENABLE_OBJC_WEAK = YES;
				CLANG_WARN_BLOCK_CAPTURE_AUTORELEASING = YES;
				CLANG_WARN_BOOL_CONVERSION = YES;
				CLANG_WARN_COMMA = YES;
				CLANG_WARN_CONSTANT_CONVERSION = YES;
				CLANG_WARN_DEPRECATED_OBJC_IMPLEMENTATIONS = YES;
				CLANG_WARN_DIRECT_OBJC_ISA_USAGE = YES_ERROR;
				CLANG_WARN_DOCUMENTATION_COMMENTS = YES;
				CLANG_WARN_EMPTY_BODY = YES;
				CLANG_WARN_ENUM_CONVERSION = YES;
				CLANG_WARN_INFINITE_RECURSION = YES;
				CLANG_WARN_INT_CONVERSION = YES;
				CLANG_WARN_NON_LITERAL_NULL_CONVERSION = YES;
				CLANG_WARN_OBJC_IMPLICIT_RETAIN_SELF = YES;
				CLANG_WARN_OBJC_LITERAL_CONVERSION = YES;
				CLANG_WARN_OBJC_ROOT_CLASS = YES_ERROR;
				CLANG_WARN_QUOTED_INCLUDE_IN_FRAMEWORK_HEADER = YES;
				CLANG_WARN_RANGE_LOOP_ANALYSIS = YES;
				CLANG_WARN_STRICT_PROTOTYPES = YES;
				CLANG_WARN_SUSPICIOUS_MOVE = YES;
				CLANG_WARN_UNGUARDED_AVAILABILITY = YES_AGGRESSIVE;
				CLANG_WARN_UNREACHABLE_CODE = YES;
				CLANG_WARN__DUPLICATE_METHOD_MATCH = YES;
				COPY_PHASE_STRIP = NO;
				DEAD_CODE_STRIPPING = YES;
				DEBUG_INFORMATION_FORMAT = dwarf;
				ENABLE_STRICT_OBJC_MSGSEND = YES;
				ENABLE_TESTABILITY = YES;
				ENABLE_USER_SCRIPT_SANDBOXING = YES;
				GCC_C_LANGUAGE_STANDARD = gnu17;
				GCC_DYNAMIC_NO_PIC = NO;
				GCC_NO_COMMON_BLOCKS = YES;
				GCC_OPTIMIZATION_LEVEL = 0;
				GCC_PREPROCESSOR_DEFINITIONS = (
					"DEBUG=1",
					"$(inherited)",
				);
				GCC_WARN_64_TO_32_BIT_CONVERSION = YES;
				GCC_WARN_ABOUT_RETURN_TYPE = YES_ERROR;
				GCC_WARN_UNDECLARED_SELECTOR = YES;
				GCC_WARN_UNINITIALIZED_AUTOS = YES_AGGRESSIVE;
				GCC_WARN_UNUSED_FUNCTION = YES;
				GCC_WARN_UNUSED_VARIABLE = YES;
				LOCALIZATION_PREFERS_STRING_CATALOGS = YES;
				MACOSX_DEPLOYMENT_TARGET = 14.2;
				MTL_ENABLE_DEBUG_INFO = INCLUDE_SOURCE;
				MTL_FAST_MATH = YES;
				ONLY_ACTIVE_ARCH = YES;
				SDKROOT = macosx;
				SWIFT_ACTIVE_COMPILATION_CONDITIONS = "DEBUG $(inherited)";
				SWIFT_OPTIMIZATION_LEVEL = "-Onone";
			};
			name = Debug;
		};
		D852AF222B6027CD00B77A3D /* Release */ = {
			isa = XCBuildConfiguration;
			buildSettings = {
				ALWAYS_SEARCH_USER_PATHS = NO;
				ASSETCATALOG_COMPILER_GENERATE_SWIFT_ASSET_SYMBOL_EXTENSIONS = YES;
				CLANG_ANALYZER_NONNULL = YES;
				CLANG_ANALYZER_NUMBER_OBJECT_CONVERSION = YES_AGGRESSIVE;
				CLANG_CXX_LANGUAGE_STANDARD = "gnu++20";
				CLANG_ENABLE_MODULES = YES;
				CLANG_ENABLE_OBJC_ARC = YES;
				CLANG_ENABLE_OBJC_WEAK = YES;
				CLANG_WARN_BLOCK_CAPTURE_AUTORELEASING = YES;
				CLANG_WARN_BOOL_CONVERSION = YES;
				CLANG_WARN_COMMA = YES;
				CLANG_WARN_CONSTANT_CONVERSION = YES;
				CLANG_WARN_DEPRECATED_OBJC_IMPLEMENTATIONS = YES;
				CLANG_WARN_DIRECT_OBJC_ISA_USAGE = YES_ERROR;
				CLANG_WARN_DOCUMENTATION_COMMENTS = YES;
				CLANG_WARN_EMPTY_BODY = YES;
				CLANG_WARN_ENUM_CONVERSION = YES;
				CLANG_WARN_INFINITE_RECURSION = YES;
				CLANG_WARN_INT_CONVERSION = YES;
				CLANG_WARN_NON_LITERAL_NULL_CONVERSION = YES;
				CLANG_WARN_OBJC_IMPLICIT_RETAIN_SELF = YES;
				CLANG_WARN_OBJC_LITERAL_CONVERSION = YES;
				CLANG_WARN_OBJC_ROOT_CLASS = YES_ERROR;
				CLANG_WARN_QUOTED_INCLUDE_IN_FRAMEWORK_HEADER = YES;
				CLANG_WARN_RANGE_LOOP_ANALYSIS = YES;
				CLANG_WARN_STRICT_PROTOTYPES = YES;
				CLANG_WARN_SUSPICIOUS_MOVE = YES;
				CLANG_WARN_UNGUARDED_AVAILABILITY = YES_AGGRESSIVE;
				CLANG_WARN_UNREACHABLE_CODE = YES;
				CLANG_WARN__DUPLICATE_METHOD_MATCH = YES;
				COPY_PHASE_STRIP = NO;
				DEAD_CODE_STRIPPING = YES;
				DEBUG_INFORMATION_FORMAT = "dwarf-with-dsym";
				ENABLE_NS_ASSERTIONS = NO;
				ENABLE_STRICT_OBJC_MSGSEND = YES;
				ENABLE_USER_SCRIPT_SANDBOXING = YES;
				GCC_C_LANGUAGE_STANDARD = gnu17;
				GCC_NO_COMMON_BLOCKS = YES;
				GCC_WARN_64_TO_32_BIT_CONVERSION = YES;
				GCC_WARN_ABOUT_RETURN_TYPE = YES_ERROR;
				GCC_WARN_UNDECLARED_SELECTOR = YES;
				GCC_WARN_UNINITIALIZED_AUTOS = YES_AGGRESSIVE;
				GCC_WARN_UNUSED_FUNCTION = YES;
				GCC_WARN_UNUSED_VARIABLE = YES;
				LOCALIZATION_PREFERS_STRING_CATALOGS = YES;
				MACOSX_DEPLOYMENT_TARGET = 14.2;
				MTL_ENABLE_DEBUG_INFO = NO;
				MTL_FAST_MATH = YES;
				SDKROOT = macosx;
				SWIFT_COMPILATION_MODE = wholemodule;
			};
			name = Release;
		};
		D852AF242B6027CD00B77A3D /* Debug */ = {
			isa = XCBuildConfiguration;
			buildSettings = {
				ASSETCATALOG_COMPILER_APPICON_NAME = AppIcon;
				ASSETCATALOG_COMPILER_GLOBAL_ACCENT_COLOR_NAME = AccentColor;
				CODE_SIGN_ENTITLEMENTS = Thoughts/Thoughts.entitlements;
				CODE_SIGN_STYLE = Automatic;
				COMBINE_HIDPI_IMAGES = YES;
				CURRENT_PROJECT_VERSION = 1;
				DEAD_CODE_STRIPPING = YES;
				DEVELOPMENT_ASSET_PATHS = "\"Thoughts/Preview Content\"";
				DEVELOPMENT_TEAM = QS82QFHKWB;
				ENABLE_HARDENED_RUNTIME = YES;
				ENABLE_PREVIEWS = YES;
				GENERATE_INFOPLIST_FILE = YES;
				INFOPLIST_FILE = Thoughts/Info.plist;
				INFOPLIST_KEY_LSApplicationCategoryType = "public.app-category.productivity";
				INFOPLIST_KEY_LSUIElement = YES;
				INFOPLIST_KEY_NSHumanReadableCopyright = "";
				INFOPLIST_KEY_NSLocationAlwaysAndWhenInUseUsageDescription = "Thoughts needs access to your location to save it in notes metadata.";
				INFOPLIST_KEY_NSLocationUsageDescription = "Thoughts needs access to your location to save it in notes metadata.";
				INFOPLIST_KEY_NSLocationWhenInUseUsageDescription = "Thoughts needs access to your location to save it in notes metadata.";
				LD_RUNPATH_SEARCH_PATHS = (
					"$(inherited)",
					"@executable_path/../Frameworks",
				);
				MARKETING_VERSION = 1.0;
				PRODUCT_BUNDLE_IDENTIFIER = uk.co.jbmorley.thoughts.apps.appstore;
				PRODUCT_NAME = "$(TARGET_NAME)";
				SWIFT_EMIT_LOC_STRINGS = YES;
				SWIFT_VERSION = 5.0;
			};
			name = Debug;
		};
		D852AF252B6027CD00B77A3D /* Release */ = {
			isa = XCBuildConfiguration;
			buildSettings = {
				ASSETCATALOG_COMPILER_APPICON_NAME = AppIcon;
				ASSETCATALOG_COMPILER_GLOBAL_ACCENT_COLOR_NAME = AccentColor;
				CODE_SIGN_ENTITLEMENTS = Thoughts/Thoughts.entitlements;
				"CODE_SIGN_IDENTITY[sdk=macosx*]" = "3rd Party Mac Developer Application";
				CODE_SIGN_STYLE = Manual;
				COMBINE_HIDPI_IMAGES = YES;
				CURRENT_PROJECT_VERSION = 1;
				DEAD_CODE_STRIPPING = YES;
				DEVELOPMENT_ASSET_PATHS = "\"Thoughts/Preview Content\"";
				DEVELOPMENT_TEAM = "";
				"DEVELOPMENT_TEAM[sdk=macosx*]" = QS82QFHKWB;
				ENABLE_HARDENED_RUNTIME = YES;
				ENABLE_PREVIEWS = YES;
				GENERATE_INFOPLIST_FILE = YES;
				INFOPLIST_FILE = Thoughts/Info.plist;
				INFOPLIST_KEY_LSApplicationCategoryType = "public.app-category.productivity";
				INFOPLIST_KEY_LSUIElement = YES;
				INFOPLIST_KEY_NSHumanReadableCopyright = "";
				INFOPLIST_KEY_NSLocationAlwaysAndWhenInUseUsageDescription = "Thoughts needs access to your location to save it in notes metadata.";
				INFOPLIST_KEY_NSLocationUsageDescription = "Thoughts needs access to your location to save it in notes metadata.";
				INFOPLIST_KEY_NSLocationWhenInUseUsageDescription = "Thoughts needs access to your location to save it in notes metadata.";
				LD_RUNPATH_SEARCH_PATHS = (
					"$(inherited)",
					"@executable_path/../Frameworks",
				);
				MARKETING_VERSION = 1.0;
				PRODUCT_BUNDLE_IDENTIFIER = uk.co.jbmorley.thoughts.apps.appstore;
				PRODUCT_NAME = "$(TARGET_NAME)";
				PROVISIONING_PROFILE_SPECIFIER = "";
				"PROVISIONING_PROFILE_SPECIFIER[sdk=macosx*]" = "Thoughts Mac App Store Profile";
				SWIFT_EMIT_LOC_STRINGS = YES;
				SWIFT_VERSION = 5.0;
			};
			name = Release;
		};
		D852AF272B6027CD00B77A3D /* Debug */ = {
			isa = XCBuildConfiguration;
			buildSettings = {
				BUNDLE_LOADER = "$(TEST_HOST)";
				CODE_SIGN_STYLE = Automatic;
				CURRENT_PROJECT_VERSION = 1;
				DEAD_CODE_STRIPPING = YES;
				DEVELOPMENT_TEAM = QS82QFHKWB;
				GENERATE_INFOPLIST_FILE = YES;
				MACOSX_DEPLOYMENT_TARGET = 14.2;
				MARKETING_VERSION = 1.0;
				PRODUCT_BUNDLE_IDENTIFIER = uk.co.jbmorley.thoughts.apps.appstore.tests;
				PRODUCT_NAME = "$(TARGET_NAME)";
				SWIFT_EMIT_LOC_STRINGS = NO;
				SWIFT_VERSION = 5.0;
				TEST_HOST = "$(BUILT_PRODUCTS_DIR)/Thoughts.app/$(BUNDLE_EXECUTABLE_FOLDER_PATH)/Thoughts";
			};
			name = Debug;
		};
		D852AF282B6027CD00B77A3D /* Release */ = {
			isa = XCBuildConfiguration;
			buildSettings = {
				BUNDLE_LOADER = "$(TEST_HOST)";
				CODE_SIGN_STYLE = Automatic;
				CURRENT_PROJECT_VERSION = 1;
				DEAD_CODE_STRIPPING = YES;
				DEVELOPMENT_TEAM = QS82QFHKWB;
				GENERATE_INFOPLIST_FILE = YES;
				MACOSX_DEPLOYMENT_TARGET = 14.2;
				MARKETING_VERSION = 1.0;
				PRODUCT_BUNDLE_IDENTIFIER = uk.co.jbmorley.thoughts.apps.appstore.tests;
				PRODUCT_NAME = "$(TARGET_NAME)";
				SWIFT_EMIT_LOC_STRINGS = NO;
				SWIFT_VERSION = 5.0;
				TEST_HOST = "$(BUILT_PRODUCTS_DIR)/Thoughts.app/$(BUNDLE_EXECUTABLE_FOLDER_PATH)/Thoughts";
			};
			name = Release;
		};
		D852AF2A2B6027CD00B77A3D /* Debug */ = {
			isa = XCBuildConfiguration;
			buildSettings = {
				CODE_SIGN_STYLE = Automatic;
				CURRENT_PROJECT_VERSION = 1;
				DEAD_CODE_STRIPPING = YES;
				DEVELOPMENT_TEAM = QS82QFHKWB;
				GENERATE_INFOPLIST_FILE = YES;
				MARKETING_VERSION = 1.0;
				PRODUCT_BUNDLE_IDENTIFIER = uk.co.jbmorley.thoughts.apps.appstore.uitests;
				PRODUCT_NAME = "$(TARGET_NAME)";
				SWIFT_EMIT_LOC_STRINGS = NO;
				SWIFT_VERSION = 5.0;
				TEST_TARGET_NAME = Thoughts;
			};
			name = Debug;
		};
		D852AF2B2B6027CD00B77A3D /* Release */ = {
			isa = XCBuildConfiguration;
			buildSettings = {
				CODE_SIGN_STYLE = Automatic;
				CURRENT_PROJECT_VERSION = 1;
				DEAD_CODE_STRIPPING = YES;
				DEVELOPMENT_TEAM = QS82QFHKWB;
				GENERATE_INFOPLIST_FILE = YES;
				MARKETING_VERSION = 1.0;
				PRODUCT_BUNDLE_IDENTIFIER = uk.co.jbmorley.thoughts.apps.appstore.uitests;
				PRODUCT_NAME = "$(TARGET_NAME)";
				SWIFT_EMIT_LOC_STRINGS = NO;
				SWIFT_VERSION = 5.0;
				TEST_TARGET_NAME = Thoughts;
			};
			name = Release;
		};
/* End XCBuildConfiguration section */

/* Begin XCConfigurationList section */
		D852AEF92B6027CA00B77A3D /* Build configuration list for PBXProject "Thoughts" */ = {
			isa = XCConfigurationList;
			buildConfigurations = (
				D852AF212B6027CD00B77A3D /* Debug */,
				D852AF222B6027CD00B77A3D /* Release */,
			);
			defaultConfigurationIsVisible = 0;
			defaultConfigurationName = Release;
		};
		D852AF232B6027CD00B77A3D /* Build configuration list for PBXNativeTarget "Thoughts" */ = {
			isa = XCConfigurationList;
			buildConfigurations = (
				D852AF242B6027CD00B77A3D /* Debug */,
				D852AF252B6027CD00B77A3D /* Release */,
			);
			defaultConfigurationIsVisible = 0;
			defaultConfigurationName = Release;
		};
		D852AF262B6027CD00B77A3D /* Build configuration list for PBXNativeTarget "ThoughtsTests" */ = {
			isa = XCConfigurationList;
			buildConfigurations = (
				D852AF272B6027CD00B77A3D /* Debug */,
				D852AF282B6027CD00B77A3D /* Release */,
			);
			defaultConfigurationIsVisible = 0;
			defaultConfigurationName = Release;
		};
		D852AF292B6027CD00B77A3D /* Build configuration list for PBXNativeTarget "ThoughtsUITests" */ = {
			isa = XCConfigurationList;
			buildConfigurations = (
				D852AF2A2B6027CD00B77A3D /* Debug */,
				D852AF2B2B6027CD00B77A3D /* Release */,
			);
			defaultConfigurationIsVisible = 0;
			defaultConfigurationName = Release;
		};
/* End XCConfigurationList section */

/* Begin XCLocalSwiftPackageReference section */
		D804FB0F2C081A2F004F8666 /* XCLocalSwiftPackageReference "dependencies/FrontmatterSwift" */ = {
			isa = XCLocalSwiftPackageReference;
			relativePath = dependencies/FrontmatterSwift;
		};
		D85FC13F2BEEC3EC0004FAB3 /* XCLocalSwiftPackageReference "dependencies/TagField" */ = {
			isa = XCLocalSwiftPackageReference;
			relativePath = dependencies/TagField;
		};
		D8BA4D472BE59DC5001A2A26 /* XCLocalSwiftPackageReference "dependencies/HighlightedTextEditor" */ = {
			isa = XCLocalSwiftPackageReference;
			relativePath = dependencies/HighlightedTextEditor;
		};
		D8F06D492B67275B0039AEF4 /* XCLocalSwiftPackageReference "dependencies/diligence" */ = {
			isa = XCLocalSwiftPackageReference;
			relativePath = dependencies/diligence;
		};
		D8F06D4C2B6727630039AEF4 /* XCLocalSwiftPackageReference "dependencies/interact" */ = {
			isa = XCLocalSwiftPackageReference;
			relativePath = dependencies/interact;
		};
/* End XCLocalSwiftPackageReference section */

/* Begin XCRemoteSwiftPackageReference section */
		D86255872C0924CD0044BD37 /* XCRemoteSwiftPackageReference "FSEventsWrapper" */ = {
			isa = XCRemoteSwiftPackageReference;
			repositoryURL = "https://github.com/Frizlab/FSEventsWrapper.git";
			requirement = {
				kind = upToNextMajorVersion;
				minimumVersion = 2.1.0;
			};
		};
		D87707B32C01592400362786 /* XCRemoteSwiftPackageReference "HotKey" */ = {
			isa = XCRemoteSwiftPackageReference;
			repositoryURL = "https://github.com/soffes/HotKey";
			requirement = {
				branch = main;
				kind = branch;
			};
		};
		D89224982BD70CC300DA0932 /* XCRemoteSwiftPackageReference "Yams" */ = {
			isa = XCRemoteSwiftPackageReference;
			repositoryURL = "https://github.com/jpsim/Yams.git";
			requirement = {
				kind = upToNextMajorVersion;
				minimumVersion = 5.1.2;
			};
		};
		D8C283E72BD9954F00161C82 /* XCRemoteSwiftPackageReference "HashRainbow" */ = {
			isa = XCRemoteSwiftPackageReference;
			repositoryURL = "https://github.com/saramah/HashRainbow.git";
			requirement = {
				branch = main;
				kind = branch;
			};
		};
/* End XCRemoteSwiftPackageReference section */

/* Begin XCSwiftPackageProductDependency section */
		D804FB102C081A2F004F8666 /* FrontmatterSwift */ = {
			isa = XCSwiftPackageProductDependency;
			productName = FrontmatterSwift;
		};
		D85FC1402BEEC3EC0004FAB3 /* TagField */ = {
			isa = XCSwiftPackageProductDependency;
			productName = TagField;
		};
		D86255882C0924CD0044BD37 /* FSEventsWrapper */ = {
			isa = XCSwiftPackageProductDependency;
			package = D86255872C0924CD0044BD37 /* XCRemoteSwiftPackageReference "FSEventsWrapper" */;
			productName = FSEventsWrapper;
		};
		D87707B42C01592400362786 /* HotKey */ = {
			isa = XCSwiftPackageProductDependency;
			package = D87707B32C01592400362786 /* XCRemoteSwiftPackageReference "HotKey" */;
			productName = HotKey;
		};
		D89224992BD70CC300DA0932 /* Yams */ = {
			isa = XCSwiftPackageProductDependency;
			package = D89224982BD70CC300DA0932 /* XCRemoteSwiftPackageReference "Yams" */;
			productName = Yams;
		};
		D8BA4D482BE59E16001A2A26 /* HighlightedTextEditor */ = {
			isa = XCSwiftPackageProductDependency;
			package = D8BA4D472BE59DC5001A2A26 /* XCLocalSwiftPackageReference "dependencies/HighlightedTextEditor" */;
			productName = HighlightedTextEditor;
		};
		D8C283E82BD9954F00161C82 /* HashRainbow */ = {
			isa = XCSwiftPackageProductDependency;
			package = D8C283E72BD9954F00161C82 /* XCRemoteSwiftPackageReference "HashRainbow" */;
			productName = HashRainbow;
		};
		D8F06D4A2B67275B0039AEF4 /* Diligence */ = {
			isa = XCSwiftPackageProductDependency;
			productName = Diligence;
		};
		D8F06D4D2B6727630039AEF4 /* Interact */ = {
			isa = XCSwiftPackageProductDependency;
			productName = Interact;
		};
/* End XCSwiftPackageProductDependency section */
	};
	rootObject = D852AEF62B6027CA00B77A3D /* Project object */;
}
