{
  "originHash" : "8ed1077853a4d312736e8270d9deaeca56941b32567bcb98864b46ad078fcea6",
  "pins" : [
    {
      "identity" : "glitter",
      "kind" : "remoteSourceControl",
      "location" : "https://github.com/inseven/glitter.git",
      "state" : {
        "revision" : "52724c1bfc5de914e0fc2870002e24c9aec46796",
        "version" : "0.1.3"
      }
    },
    {
      "identity" : "licensable",
      "kind" : "remoteSourceControl",
      "location" : "https://github.com/inseven/licensable",
      "state" : {
        "revision" : "a8ad62c6fde5aca29a47459b0687e580eee203dd",
        "version" : "0.0.13"
      }
    },
    {
      "identity" : "sparkle",
      "kind" : "remoteSourceControl",
      "location" : "https://github.com/sparkle-project/Sparkle",
      "state" : {
        "revision" : "df074165274afaa39539c05d57b0832620775b11",
        "version" : "2.7.1"
      }
    }
  ],
  "version" : 3
}
