{
  "originHash" : "a55911fa8d8b7e784cfafb92570ffca83ef6e901e67043d7a92f3783b21cfa45",
  "pins" : [
    {
      "identity" : "diligence",
      "kind" : "remoteSourceControl",
      "location" : "https://github.com/inseven/diligence.git",
      "state" : {
        "revision" : "5faa62e7f528faa6aa2d1b5d022b78fe3698c62a",
        "version" : "2.0.1"
      }
    },
    {
      "identity" : "frontmatterswift",
      "kind" : "remoteSourceControl",
      "location" : "https://github.com/jbmorley/FrontmatterSwift.git",
      "state" : {
        "revision" : "c813606beabfb60a5901e94c548dc45a85f07507",
        "version" : "0.2.1"
      }
    },
    {
      "identity" : "glitter",
      "kind" : "remoteSourceControl",
      "location" : "https://github.com/inseven/glitter.git",
      "state" : {
        "revision" : "52724c1bfc5de914e0fc2870002e24c9aec46796",
        "version" : "0.1.3"
      }
    },
    {
      "identity" : "hashrainbow",
      "kind" : "remoteSourceControl",
      "location" : "https://github.com/inseven/HashRainbow",
      "state" : {
        "revision" : "3eb3d2ce3b3fce35bcde312ed074a9c237d714ab",
        "version" : "0.1.0"
      }
    },
    {
      "identity" : "interact",
      "kind" : "remoteSourceControl",
      "location" : "https://github.com/inseven/interact.git",
      "state" : {
        "revision" : "f54eb2dcd05b40f02ecab721044d87049fbaca78",
        "version" : "3.10.7"
      }
    },
    {
      "identity" : "licensable",
      "kind" : "remoteSourceControl",
      "location" : "https://github.com/inseven/licensable",
      "state" : {
        "revision" : "71a2e900833316ea7bc8a29205c374a628be7784",
        "version" : "0.1.2"
      }
    },
    {
      "identity" : "sparkle",
      "kind" : "remoteSourceControl",
      "location" : "https://github.com/sparkle-project/Sparkle",
      "state" : {
        "revision" : "eef1a539a373c1f1a320624b1130fc5de7b2e100",
        "version" : "2.10.0"
      }
    },
    {
      "identity" : "tagfield",
      "kind" : "remoteSourceControl",
      "location" : "https://github.com/jbmorley/TagField.git",
      "state" : {
        "revision" : "4515298e2f58351eb0996c5af8d6fc7594956e6a",
        "version" : "0.0.11"
      }
    },
    {
      "identity" : "yams",
      "kind" : "remoteSourceControl",
      "location" : "https://github.com/jpsim/Yams.git",
      "state" : {
        "revision" : "a27b21e0c81c5bf42049b897a62aaf387e80f279",
        "version" : "6.2.2"
      }
    }
  ],
  "version" : 3
}
