// !$*UTF8*$!
{
	archiveVersion = 1;
	classes = {
	};
	objectVersion = 60;
	objects = {

/* Begin PBXBuildFile section */
		D80E08A12B675AAC0023DD4F /* ComposeWindow.swift in Sources */ = {isa = PBXBuildFile; fileRef = D80E08A02B675AAC0023DD4F /* ComposeWindow.swift */; };
		D80E08A42B675AE20023DD4F /* Scene.swift in Sources */ = {isa = PBXBuildFile; fileRef = D80E08A32B675AE20023DD4F /* Scene.swift */; };
		D80E08A62B6761370023DD4F /* Document.swift in Sources */ = {isa = PBXBuildFile; fileRef = D80E08A52B6761370023DD4F /* Document.swift */; };
		D852AF022B6027CA00B77A3D /* ThoughtsApp.swift in Sources */ = {isa = PBXBuildFile; fileRef = D852AF012B6027CA00B77A3D /* ThoughtsApp.swift */; };
		D852AF062B6027CC00B77A3D /* Assets.xcassets in Resources */ = {isa = PBXBuildFile; fileRef = D852AF052B6027CC00B77A3D /* Assets.xcassets */; };
		D852AF092B6027CC00B77A3D /* Preview Assets.xcassets in Resources */ = {isa = PBXBuildFile; fileRef = D852AF082B6027CC00B77A3D /* Preview Assets.xcassets */; };
		D852AF142B6027CD00B77A3D /* ThoughtsTests.swift in Sources */ = {isa = PBXBuildFile; fileRef = D852AF132B6027CD00B77A3D /* ThoughtsTests.swift */; };
		D852AF1E2B6027CD00B77A3D /* ThoughtsUITests.swift in Sources */ = {isa = PBXBuildFile; fileRef = D852AF1D2B6027CD00B77A3D /* ThoughtsUITests.swift */; };
		D852AF202B6027CD00B77A3D /* ThoughtsUITestsLaunchTests.swift in Sources */ = {isa = PBXBuildFile; fileRef = D852AF1F2B6027CD00B77A3D /* ThoughtsUITestsLaunchTests.swift */; };
		D852AF642B604AF500B77A3D /* ApplicationModel.swift in Sources */ = {isa = PBXBuildFile; fileRef = D852AF632B604AF500B77A3D /* ApplicationModel.swift */; };
		D852AF662B604B1200B77A3D /* ComposeView.swift in Sources */ = {isa = PBXBuildFile; fileRef = D852AF652B604B1200B77A3D /* ComposeView.swift */; };
		D852AF692B604B3E00B77A3D /* MainMenu.swift in Sources */ = {isa = PBXBuildFile; fileRef = D852AF682B604B3E00B77A3D /* MainMenu.swift */; };
		D852AF6B2B604B5100B77A3D /* ComposeModel.swift in Sources */ = {isa = PBXBuildFile; fileRef = D852AF6A2B604B5100B77A3D /* ComposeModel.swift */; };
		D8F06D4B2B67275B0039AEF4 /* Diligence in Frameworks */ = {isa = PBXBuildFile; productRef = D8F06D4A2B67275B0039AEF4 /* Diligence */; };
		D8F06D4E2B6727630039AEF4 /* Interact in Frameworks */ = {isa = PBXBuildFile; productRef = D8F06D4D2B6727630039AEF4 /* Interact */; };
		D8F06D512B6731CE0039AEF4 /* SettingsView.swift in Sources */ = {isa = PBXBuildFile; fileRef = D8F06D502B6731CE0039AEF4 /* SettingsView.swift */; };
		D8F06D542B6733650039AEF4 /* thoughts-license in Resources */ = {isa = PBXBuildFile; fileRef = D8F06D532B6733650039AEF4 /* thoughts-license */; };
		D8F06D562B6734540039AEF4 /* material-icons-license in Resources */ = {isa = PBXBuildFile; fileRef = D8F06D552B6734540039AEF4 /* material-icons-license */; };
/* End PBXBuildFile section */

/* Begin PBXContainerItemProxy section */
		D852AF102B6027CD00B77A3D /* PBXContainerItemProxy */ = {
			isa = PBXContainerItemProxy;
			containerPortal = D852AEF62B6027CA00B77A3D /* Project object */;
			proxyType = 1;
			remoteGlobalIDString = D852AEFD2B6027CA00B77A3D;
			remoteInfo = "Disk Stickies";
		};
		D852AF1A2B6027CD00B77A3D /* PBXContainerItemProxy */ = {
			isa = PBXContainerItemProxy;
			containerPortal = D852AEF62B6027CA00B77A3D /* Project object */;
			proxyType = 1;
			remoteGlobalIDString = D852AEFD2B6027CA00B77A3D;
			remoteInfo = "Disk Stickies";
		};
/* End PBXContainerItemProxy section */

/* Begin PBXFileReference section */
		D80E089E2B674E900023DD4F /* Info.plist */ = {isa = PBXFileReference; lastKnownFileType = text.plist; path = Info.plist; sourceTree = "<group>"; };
		D80E08A02B675AAC0023DD4F /* ComposeWindow.swift */ = {isa = PBXFileReference; lastKnownFileType = sourcecode.swift; path = ComposeWindow.swift; sourceTree = "<group>"; };
		D80E08A32B675AE20023DD4F /* Scene.swift */ = {isa = PBXFileReference; lastKnownFileType = sourcecode.swift; path = Scene.swift; sourceTree = "<group>"; };
		D80E08A52B6761370023DD4F /* Document.swift */ = {isa = PBXFileReference; lastKnownFileType = sourcecode.swift; path = Document.swift; sourceTree = "<group>"; };
		D852AEFE2B6027CA00B77A3D /* Thoughts.app */ = {isa = PBXFileReference; explicitFileType = wrapper.application; includeInIndex = 0; path = Thoughts.app; sourceTree = BUILT_PRODUCTS_DIR; };
		D852AF012B6027CA00B77A3D /* ThoughtsApp.swift */ = {isa = PBXFileReference; lastKnownFileType = sourcecode.swift; path = ThoughtsApp.swift; sourceTree = "<group>"; };
		D852AF052B6027CC00B77A3D /* Assets.xcassets */ = {isa = PBXFileReference; lastKnownFileType = folder.assetcatalog; path = Assets.xcassets; sourceTree = "<group>"; };
		D852AF082B6027CC00B77A3D /* Preview Assets.xcassets */ = {isa = PBXFileReference; lastKnownFileType = folder.assetcatalog; path = "Preview Assets.xcassets"; sourceTree = "<group>"; };
		D852AF0A2B6027CC00B77A3D /* Thoughts.entitlements */ = {isa = PBXFileReference; lastKnownFileType = text.plist.entitlements; path = Thoughts.entitlements; sourceTree = "<group>"; };
		D852AF0F2B6027CD00B77A3D /* ThoughtsTests.xctest */ = {isa = PBXFileReference; explicitFileType = wrapper.cfbundle; includeInIndex = 0; path = ThoughtsTests.xctest; sourceTree = BUILT_PRODUCTS_DIR; };
		D852AF132B6027CD00B77A3D /* ThoughtsTests.swift */ = {isa = PBXFileReference; lastKnownFileType = sourcecode.swift; path = ThoughtsTests.swift; sourceTree = "<group>"; };
		D852AF192B6027CD00B77A3D /* ThoughtsUITests.xctest */ = {isa = PBXFileReference; explicitFileType = wrapper.cfbundle; includeInIndex = 0; path = ThoughtsUITests.xctest; sourceTree = BUILT_PRODUCTS_DIR; };
		D852AF1D2B6027CD00B77A3D /* ThoughtsUITests.swift */ = {isa = PBXFileReference; lastKnownFileType = sourcecode.swift; path = ThoughtsUITests.swift; sourceTree = "<group>"; };
		D852AF1F2B6027CD00B77A3D /* ThoughtsUITestsLaunchTests.swift */ = {isa = PBXFileReference; lastKnownFileType = sourcecode.swift; path = ThoughtsUITestsLaunchTests.swift; sourceTree = "<group>"; };
		D852AF632B604AF500B77A3D /* ApplicationModel.swift */ = {isa = PBXFileReference; lastKnownFileType = sourcecode.swift; path = ApplicationModel.swift; sourceTree = "<group>"; };
		D852AF652B604B1200B77A3D /* ComposeView.swift */ = {isa = PBXFileReference; lastKnownFileType = sourcecode.swift; path = ComposeView.swift; sourceTree = "<group>"; };
		D852AF682B604B3E00B77A3D /* MainMenu.swift */ = {isa = PBXFileReference; lastKnownFileType = sourcecode.swift; path = MainMenu.swift; sourceTree = "<group>"; };
		D852AF6A2B604B5100B77A3D /* ComposeModel.swift */ = {isa = PBXFileReference; lastKnownFileType = sourcecode.swift; path = ComposeModel.swift; sourceTree = "<group>"; };
		D8F06D502B6731CE0039AEF4 /* SettingsView.swift */ = {isa = PBXFileReference; lastKnownFileType = sourcecode.swift; path = SettingsView.swift; sourceTree = "<group>"; };
		D8F06D532B6733650039AEF4 /* thoughts-license */ = {isa = PBXFileReference; lastKnownFileType = text; path = "thoughts-license"; sourceTree = "<group>"; };
		D8F06D552B6734540039AEF4 /* material-icons-license */ = {isa = PBXFileReference; lastKnownFileType = text; path = "material-icons-license"; sourceTree = "<group>"; };
/* End PBXFileReference section */

/* Begin PBXFrameworksBuildPhase section */
		D852AEFB2B6027CA00B77A3D /* Frameworks */ = {
			isa = PBXFrameworksBuildPhase;
			buildActionMask = 2147483647;
			files = (
				D8F06D4E2B6727630039AEF4 /* Interact in Frameworks */,
				D8F06D4B2B67275B0039AEF4 /* Diligence in Frameworks */,
			);
			runOnlyForDeploymentPostprocessing = 0;
		};
		D852AF0C2B6027CD00B77A3D /* Frameworks */ = {
			isa = PBXFrameworksBuildPhase;
			buildActionMask = 2147483647;
			files = (
			);
			runOnlyForDeploymentPostprocessing = 0;
		};
		D852AF162B6027CD00B77A3D /* Frameworks */ = {
			isa = PBXFrameworksBuildPhase;
			buildActionMask = 2147483647;
			files = (
			);
			runOnlyForDeploymentPostprocessing = 0;
		};
/* End PBXFrameworksBuildPhase section */

/* Begin PBXGroup section */
		D80E089F2B67572E0023DD4F /* Model */ = {
			isa = PBXGroup;
			children = (
				D852AF6A2B604B5100B77A3D /* ComposeModel.swift */,
				D80E08A52B6761370023DD4F /* Document.swift */,
			);
			path = Model;
			sourceTree = "<group>";
		};
		D80E08A22B675AD40023DD4F /* Extensions */ = {
			isa = PBXGroup;
			children = (
				D80E08A32B675AE20023DD4F /* Scene.swift */,
			);
			path = Extensions;
			sourceTree = "<group>";
		};
		D852AEF52B6027CA00B77A3D = {
			isa = PBXGroup;
			children = (
				D852AF002B6027CA00B77A3D /* Thoughts */,
				D852AF122B6027CD00B77A3D /* ThoughtsTests */,
				D852AF1C2B6027CD00B77A3D /* ThoughtsUITests */,
				D852AEFF2B6027CA00B77A3D /* Products */,
			);
			sourceTree = "<group>";
		};
		D852AEFF2B6027CA00B77A3D /* Products */ = {
			isa = PBXGroup;
			children = (
				D852AEFE2B6027CA00B77A3D /* Thoughts.app */,
				D852AF0F2B6027CD00B77A3D /* ThoughtsTests.xctest */,
				D852AF192B6027CD00B77A3D /* ThoughtsUITests.xctest */,
			);
			name = Products;
			sourceTree = "<group>";
		};
		D852AF002B6027CA00B77A3D /* Thoughts */ = {
			isa = PBXGroup;
			children = (
				D852AF632B604AF500B77A3D /* ApplicationModel.swift */,
				D852AF052B6027CC00B77A3D /* Assets.xcassets */,
				D80E08A22B675AD40023DD4F /* Extensions */,
				D80E089E2B674E900023DD4F /* Info.plist */,
				D8F06D522B6733440039AEF4 /* Licenses */,
				D80E089F2B67572E0023DD4F /* Model */,
				D852AF072B6027CC00B77A3D /* Preview Content */,
				D852AF0A2B6027CC00B77A3D /* Thoughts.entitlements */,
				D852AF012B6027CA00B77A3D /* ThoughtsApp.swift */,
				D8F06D4F2B6731C00039AEF4 /* Views */,
			);
			path = Thoughts;
			sourceTree = "<group>";
		};
		D852AF072B6027CC00B77A3D /* Preview Content */ = {
			isa = PBXGroup;
			children = (
				D852AF082B6027CC00B77A3D /* Preview Assets.xcassets */,
			);
			path = "Preview Content";
			sourceTree = "<group>";
		};
		D852AF122B6027CD00B77A3D /* ThoughtsTests */ = {
			isa = PBXGroup;
			children = (
				D852AF132B6027CD00B77A3D /* ThoughtsTests.swift */,
			);
			path = ThoughtsTests;
			sourceTree = "<group>";
		};
		D852AF1C2B6027CD00B77A3D /* ThoughtsUITests */ = {
			isa = PBXGroup;
			children = (
				D852AF1D2B6027CD00B77A3D /* ThoughtsUITests.swift */,
				D852AF1F2B6027CD00B77A3D /* ThoughtsUITestsLaunchTests.swift */,
			);
			path = ThoughtsUITests;
			sourceTree = "<group>";
		};
		D8F06D4F2B6731C00039AEF4 /* Views */ = {
			isa = PBXGroup;
			children = (
				D852AF652B604B1200B77A3D /* ComposeView.swift */,
				D80E08A02B675AAC0023DD4F /* ComposeWindow.swift */,
				D852AF682B604B3E00B77A3D /* MainMenu.swift */,
				D8F06D502B6731CE0039AEF4 /* SettingsView.swift */,
			);
			path = Views;
			sourceTree = "<group>";
		};
		D8F06D522B6733440039AEF4 /* Licenses */ = {
			isa = PBXGroup;
			children = (
				D8F06D552B6734540039AEF4 /* material-icons-license */,
				D8F06D532B6733650039AEF4 /* thoughts-license */,
			);
			path = Licenses;
			sourceTree = "<group>";
		};
/* End PBXGroup section */

/* Begin PBXNativeTarget section */
		D852AEFD2B6027CA00B77A3D /* Thoughts */ = {
			isa = PBXNativeTarget;
			buildConfigurationList = D852AF232B6027CD00B77A3D /* Build configuration list for PBXNativeTarget "Thoughts" */;
			buildPhases = (
				D852AEFA2B6027CA00B77A3D /* Sources */,
				D852AEFB2B6027CA00B77A3D /* Frameworks */,
				D852AEFC2B6027CA00B77A3D /* Resources */,
			);
			buildRules = (
			);
			dependencies = (
			);
			name = Thoughts;
			packageProductDependencies = (
				D8F06D4A2B67275B0039AEF4 /* Diligence */,
				D8F06D4D2B6727630039AEF4 /* Interact */,
			);
			productName = "Disk Stickies";
			productReference = D852AEFE2B6027CA00B77A3D /* Thoughts.app */;
			productType = "com.apple.product-type.application";
		};
		D852AF0E2B6027CD00B77A3D /* ThoughtsTests */ = {
			isa = PBXNativeTarget;
			buildConfigurationList = D852AF262B6027CD00B77A3D /* Build configuration list for PBXNativeTarget "ThoughtsTests" */;
			buildPhases = (
				D852AF0B2B6027CD00B77A3D /* Sources */,
				D852AF0C2B6027CD00B77A3D /* Frameworks */,
				D852AF0D2B6027CD00B77A3D /* Resources */,
			);
			buildRules = (
			);
			dependencies = (
				D852AF112B6027CD00B77A3D /* PBXTargetDependency */,
			);
			name = ThoughtsTests;
			productName = "Disk StickiesTests";
			productReference = D852AF0F2B6027CD00B77A3D /* ThoughtsTests.xctest */;
			productType = "com.apple.product-type.bundle.unit-test";
		};
		D852AF182B6027CD00B77A3D /* ThoughtsUITests */ = {
			isa = PBXNativeTarget;
			buildConfigurationList = D852AF292B6027CD00B77A3D /* Build configuration list for PBXNativeTarget "ThoughtsUITests" */;
			buildPhases = (
				D852AF152B6027CD00B77A3D /* Sources */,
				D852AF162B6027CD00B77A3D /* Frameworks */,
				D852AF172B6027CD00B77A3D /* Resources */,
			);
			buildRules = (
			);
			dependencies = (
				D852AF1B2B6027CD00B77A3D /* PBXTargetDependency */,
			);
			name = ThoughtsUITests;
			productName = "Disk StickiesUITests";
			productReference = D852AF192B6027CD00B77A3D /* ThoughtsUITests.xctest */;
			productType = "com.apple.product-type.bundle.ui-testing";
		};
/* End PBXNativeTarget section */

/* Begin PBXProject section */
		D852AEF62B6027CA00B77A3D /* Project object */ = {
			isa = PBXProject;
			attributes = {
				BuildIndependentTargetsInParallel = 1;
				LastSwiftUpdateCheck = 1520;
				LastUpgradeCheck = 1520;
				TargetAttributes = {
					D852AEFD2B6027CA00B77A3D = {
						CreatedOnToolsVersion = 15.2;
					};
					D852AF0E2B6027CD00B77A3D = {
						CreatedOnToolsVersion = 15.2;
						TestTargetID = D852AEFD2B6027CA00B77A3D;
					};
					D852AF182B6027CD00B77A3D = {
						CreatedOnToolsVersion = 15.2;
						TestTargetID = D852AEFD2B6027CA00B77A3D;
					};
				};
			};
			buildConfigurationList = D852AEF92B6027CA00B77A3D /* Build configuration list for PBXProject "Thoughts" */;
			compatibilityVersion = "Xcode 14.0";
			developmentRegion = en;
			hasScannedForEncodings = 0;
			knownRegions = (
				en,
				Base,
			);
			mainGroup = D852AEF52B6027CA00B77A3D;
			packageReferences = (
				D8F06D492B67275B0039AEF4 /* XCLocalSwiftPackageReference "diligence" */,
				D8F06D4C2B6727630039AEF4 /* XCLocalSwiftPackageReference "interact" */,
			);
			productRefGroup = D852AEFF2B6027CA00B77A3D /* Products */;
			projectDirPath = "";
			projectRoot = "";
			targets = (
				D852AEFD2B6027CA00B77A3D /* Thoughts */,
				D852AF0E2B6027CD00B77A3D /* ThoughtsTests */,
				D852AF182B6027CD00B77A3D /* ThoughtsUITests */,
			);
		};
/* End PBXProject section */

/* Begin PBXResourcesBuildPhase section */
		D852AEFC2B6027CA00B77A3D /* Resources */ = {
			isa = PBXResourcesBuildPhase;
			buildActionMask = 2147483647;
			files = (
				D8F06D542B6733650039AEF4 /* thoughts-license in Resources */,
				D852AF092B6027CC00B77A3D /* Preview Assets.xcassets in Resources */,
				D8F06D562B6734540039AEF4 /* material-icons-license in Resources */,
				D852AF062B6027CC00B77A3D /* Assets.xcassets in Resources */,
			);
			runOnlyForDeploymentPostprocessing = 0;
		};
		D852AF0D2B6027CD00B77A3D /* Resources */ = {
			isa = PBXResourcesBuildPhase;
			buildActionMask = 2147483647;
			files = (
			);
			runOnlyForDeploymentPostprocessing = 0;
		};
		D852AF172B6027CD00B77A3D /* Resources */ = {
			isa = PBXResourcesBuildPhase;
			buildActionMask = 2147483647;
			files = (
			);
			runOnlyForDeploymentPostprocessing = 0;
		};
/* End PBXResourcesBuildPhase section */

/* Begin PBXSourcesBuildPhase section */
		D852AEFA2B6027CA00B77A3D /* Sources */ = {
			isa = PBXSourcesBuildPhase;
			buildActionMask = 2147483647;
			files = (
				D852AF642B604AF500B77A3D /* ApplicationModel.swift in Sources */,
				D852AF692B604B3E00B77A3D /* MainMenu.swift in Sources */,
				D852AF662B604B1200B77A3D /* ComposeView.swift in Sources */,
				D8F06D512B6731CE0039AEF4 /* SettingsView.swift in Sources */,
				D80E08A42B675AE20023DD4F /* Scene.swift in Sources */,
				D80E08A62B6761370023DD4F /* Document.swift in Sources */,
				D852AF022B6027CA00B77A3D /* ThoughtsApp.swift in Sources */,
				D80E08A12B675AAC0023DD4F /* ComposeWindow.swift in Sources */,
				D852AF6B2B604B5100B77A3D /* ComposeModel.swift in Sources */,
			);
			runOnlyForDeploymentPostprocessing = 0;
		};
		D852AF0B2B6027CD00B77A3D /* Sources */ = {
			isa = PBXSourcesBuildPhase;
			buildActionMask = 2147483647;
			files = (
				D852AF142B6027CD00B77A3D /* ThoughtsTests.swift in Sources */,
			);
			runOnlyForDeploymentPostprocessing = 0;
		};
		D852AF152B6027CD00B77A3D /* Sources */ = {
			isa = PBXSourcesBuildPhase;
			buildActionMask = 2147483647;
			files = (
				D852AF202B6027CD00B77A3D /* ThoughtsUITestsLaunchTests.swift in Sources */,
				D852AF1E2B6027CD00B77A3D /* ThoughtsUITests.swift in Sources */,
			);
			runOnlyForDeploymentPostprocessing = 0;
		};
/* End PBXSourcesBuildPhase section */

/* Begin PBXTargetDependency section */
		D852AF112B6027CD00B77A3D /* PBXTargetDependency */ = {
			isa = PBXTargetDependency;
			target = D852AEFD2B6027CA00B77A3D /* Thoughts */;
			targetProxy = D852AF102B6027CD00B77A3D /* PBXContainerItemProxy */;
		};
		D852AF1B2B6027CD00B77A3D /* PBXTargetDependency */ = {
			isa = PBXTargetDependency;
			target = D852AEFD2B6027CA00B77A3D /* Thoughts */;
			targetProxy = D852AF1A2B6027CD00B77A3D /* PBXContainerItemProxy */;
		};
/* End PBXTargetDependency section */

/* Begin XCBuildConfiguration section */
		D852AF212B6027CD00B77A3D /* Debug */ = {
			isa = XCBuildConfiguration;
			buildSettings = {
				ALWAYS_SEARCH_USER_PATHS = NO;
				ASSETCATALOG_COMPILER_GENERATE_SWIFT_ASSET_SYMBOL_EXTENSIONS = YES;
				CLANG_ANALYZER_NONNULL = YES;
				CLANG_ANALYZER_NUMBER_OBJECT_CONVERSION = YES_AGGRESSIVE;
				CLANG_CXX_LANGUAGE_STANDARD = "gnu++20";
				CLANG_ENABLE_MODULES = YES;
				CLANG_ENABLE_OBJC_ARC = YES;
				CLANG_ENABLE_OBJC_WEAK = YES;
				CLANG_WARN_BLOCK_CAPTURE_AUTORELEASING = YES;
				CLANG_WARN_BOOL_CONVERSION = YES;
				CLANG_WARN_COMMA = YES;
				CLANG_WARN_CONSTANT_CONVERSION = YES;
				CLANG_WARN_DEPRECATED_OBJC_IMPLEMENTATIONS = YES;
				CLANG_WARN_DIRECT_OBJC_ISA_USAGE = YES_ERROR;
				CLANG_WARN_DOCUMENTATION_COMMENTS = YES;
				CLANG_WARN_EMPTY_BODY = YES;
				CLANG_WARN_ENUM_CONVERSION = YES;
				CLANG_WARN_INFINITE_RECURSION = YES;
				CLANG_WARN_INT_CONVERSION = YES;
				CLANG_WARN_NON_LITERAL_NULL_CONVERSION = YES;
				CLANG_WARN_OBJC_IMPLICIT_RETAIN_SELF = YES;
				CLANG_WARN_OBJC_LITERAL_CONVERSION = YES;
				CLANG_WARN_OBJC_ROOT_CLASS = YES_ERROR;
				CLANG_WARN_QUOTED_INCLUDE_IN_FRAMEWORK_HEADER = YES;
				CLANG_WARN_RANGE_LOOP_ANALYSIS = YES;
				CLANG_WARN_STRICT_PROTOTYPES = YES;
				CLANG_WARN_SUSPICIOUS_MOVE = YES;
				CLANG_WARN_UNGUARDED_AVAILABILITY = YES_AGGRESSIVE;
				CLANG_WARN_UNREACHABLE_CODE = YES;
				CLANG_WARN__DUPLICATE_METHOD_MATCH = YES;
				COPY_PHASE_STRIP = NO;
				DEBUG_INFORMATION_FORMAT = dwarf;
				ENABLE_STRICT_OBJC_MSGSEND = YES;
				ENABLE_TESTABILITY = YES;
				ENABLE_USER_SCRIPT_SANDBOXING = YES;
				GCC_C_LANGUAGE_STANDARD = gnu17;
				GCC_DYNAMIC_NO_PIC = NO;
				GCC_NO_COMMON_BLOCKS = YES;
				GCC_OPTIMIZATION_LEVEL = 0;
				GCC_PREPROCESSOR_DEFINITIONS = (
					"DEBUG=1",
					"$(inherited)",
				);
				GCC_WARN_64_TO_32_BIT_CONVERSION = YES;
				GCC_WARN_ABOUT_RETURN_TYPE = YES_ERROR;
				GCC_WARN_UNDECLARED_SELECTOR = YES;
				GCC_WARN_UNINITIALIZED_AUTOS = YES_AGGRESSIVE;
				GCC_WARN_UNUSED_FUNCTION = YES;
				GCC_WARN_UNUSED_VARIABLE = YES;
				LOCALIZATION_PREFERS_STRING_CATALOGS = YES;
				MACOSX_DEPLOYMENT_TARGET = 14.2;
				MTL_ENABLE_DEBUG_INFO = INCLUDE_SOURCE;
				MTL_FAST_MATH = YES;
				ONLY_ACTIVE_ARCH = YES;
				SDKROOT = macosx;
				SWIFT_ACTIVE_COMPILATION_CONDITIONS = "DEBUG $(inherited)";
				SWIFT_OPTIMIZATION_LEVEL = "-Onone";
			};
			name = Debug;
		};
		D852AF222B6027CD00B77A3D /* Release */ = {
			isa = XCBuildConfiguration;
			buildSettings = {
				ALWAYS_SEARCH_USER_PATHS = NO;
				ASSETCATALOG_COMPILER_GENERATE_SWIFT_ASSET_SYMBOL_EXTENSIONS = YES;
				CLANG_ANALYZER_NONNULL = YES;
				CLANG_ANALYZER_NUMBER_OBJECT_CONVERSION = YES_AGGRESSIVE;
				CLANG_CXX_LANGUAGE_STANDARD = "gnu++20";
				CLANG_ENABLE_MODULES = YES;
				CLANG_ENABLE_OBJC_ARC = YES;
				CLANG_ENABLE_OBJC_WEAK = YES;
				CLANG_WARN_BLOCK_CAPTURE_AUTORELEASING = YES;
				CLANG_WARN_BOOL_CONVERSION = YES;
				CLANG_WARN_COMMA = YES;
				CLANG_WARN_CONSTANT_CONVERSION = YES;
				CLANG_WARN_DEPRECATED_OBJC_IMPLEMENTATIONS = YES;
				CLANG_WARN_DIRECT_OBJC_ISA_USAGE = YES_ERROR;
				CLANG_WARN_DOCUMENTATION_COMMENTS = YES;
				CLANG_WARN_EMPTY_BODY = YES;
				CLANG_WARN_ENUM_CONVERSION = YES;
				CLANG_WARN_INFINITE_RECURSION = YES;
				CLANG_WARN_INT_CONVERSION = YES;
				CLANG_WARN_NON_LITERAL_NULL_CONVERSION = YES;
				CLANG_WARN_OBJC_IMPLICIT_RETAIN_SELF = YES;
				CLANG_WARN_OBJC_LITERAL_CONVERSION = YES;
				CLANG_WARN_OBJC_ROOT_CLASS = YES_ERROR;
				CLANG_WARN_QUOTED_INCLUDE_IN_FRAMEWORK_HEADER = YES;
				CLANG_WARN_RANGE_LOOP_ANALYSIS = YES;
				CLANG_WARN_STRICT_PROTOTYPES = YES;
				CLANG_WARN_SUSPICIOUS_MOVE = YES;
				CLANG_WARN_UNGUARDED_AVAILABILITY = YES_AGGRESSIVE;
				CLANG_WARN_UNREACHABLE_CODE = YES;
				CLANG_WARN__DUPLICATE_METHOD_MATCH = YES;
				COPY_PHASE_STRIP = NO;
				DEBUG_INFORMATION_FORMAT = "dwarf-with-dsym";
				ENABLE_NS_ASSERTIONS = NO;
				ENABLE_STRICT_OBJC_MSGSEND = YES;
				ENABLE_USER_SCRIPT_SANDBOXING = YES;
				GCC_C_LANGUAGE_STANDARD = gnu17;
				GCC_NO_COMMON_BLOCKS = YES;
				GCC_WARN_64_TO_32_BIT_CONVERSION = YES;
				GCC_WARN_ABOUT_RETURN_TYPE = YES_ERROR;
				GCC_WARN_UNDECLARED_SELECTOR = YES;
				GCC_WARN_UNINITIALIZED_AUTOS = YES_AGGRESSIVE;
				GCC_WARN_UNUSED_FUNCTION = YES;
				GCC_WARN_UNUSED_VARIABLE = YES;
				LOCALIZATION_PREFERS_STRING_CATALOGS = YES;
				MACOSX_DEPLOYMENT_TARGET = 14.2;
				MTL_ENABLE_DEBUG_INFO = NO;
				MTL_FAST_MATH = YES;
				SDKROOT = macosx;
				SWIFT_COMPILATION_MODE = wholemodule;
			};
			name = Release;
		};
		D852AF242B6027CD00B77A3D /* Debug */ = {
			isa = XCBuildConfiguration;
			buildSettings = {
				ASSETCATALOG_COMPILER_APPICON_NAME = AppIcon;
				ASSETCATALOG_COMPILER_GLOBAL_ACCENT_COLOR_NAME = AccentColor;
				CODE_SIGN_ENTITLEMENTS = Thoughts/Thoughts.entitlements;
				CODE_SIGN_STYLE = Automatic;
				COMBINE_HIDPI_IMAGES = YES;
				CURRENT_PROJECT_VERSION = 1;
				DEVELOPMENT_ASSET_PATHS = "\"Thoughts/Preview Content\"";
				DEVELOPMENT_TEAM = QS82QFHKWB;
				ENABLE_HARDENED_RUNTIME = YES;
				ENABLE_PREVIEWS = YES;
				GENERATE_INFOPLIST_FILE = YES;
				INFOPLIST_FILE = Thoughts/Info.plist;
				INFOPLIST_KEY_LSUIElement = YES;
				INFOPLIST_KEY_NSHumanReadableCopyright = "";
				LD_RUNPATH_SEARCH_PATHS = (
					"$(inherited)",
					"@executable_path/../Frameworks",
				);
				MARKETING_VERSION = 1.0;
				PRODUCT_BUNDLE_IDENTIFIER = uk.co.jbmorley.thoughts.apps.appstore;
				PRODUCT_NAME = "$(TARGET_NAME)";
				SWIFT_EMIT_LOC_STRINGS = YES;
				SWIFT_VERSION = 5.0;
			};
			name = Debug;
		};
		D852AF252B6027CD00B77A3D /* Release */ = {
			isa = XCBuildConfiguration;
			buildSettings = {
				ASSETCATALOG_COMPILER_APPICON_NAME = AppIcon;
				ASSETCATALOG_COMPILER_GLOBAL_ACCENT_COLOR_NAME = AccentColor;
				CODE_SIGN_ENTITLEMENTS = Thoughts/Thoughts.entitlements;
				CODE_SIGN_STYLE = Automatic;
				COMBINE_HIDPI_IMAGES = YES;
				CURRENT_PROJECT_VERSION = 1;
				DEVELOPMENT_ASSET_PATHS = "\"Thoughts/Preview Content\"";
				DEVELOPMENT_TEAM = QS82QFHKWB;
				ENABLE_HARDENED_RUNTIME = YES;
				ENABLE_PREVIEWS = YES;
				GENERATE_INFOPLIST_FILE = YES;
				INFOPLIST_FILE = Thoughts/Info.plist;
				INFOPLIST_KEY_LSUIElement = YES;
				INFOPLIST_KEY_NSHumanReadableCopyright = "";
				LD_RUNPATH_SEARCH_PATHS = (
					"$(inherited)",
					"@executable_path/../Frameworks",
				);
				MARKETING_VERSION = 1.0;
				PRODUCT_BUNDLE_IDENTIFIER = uk.co.jbmorley.thoughts.apps.appstore;
				PRODUCT_NAME = "$(TARGET_NAME)";
				SWIFT_EMIT_LOC_STRINGS = YES;
				SWIFT_VERSION = 5.0;
			};
			name = Release;
		};
		D852AF272B6027CD00B77A3D /* Debug */ = {
			isa = XCBuildConfiguration;
			buildSettings = {
				ALWAYS_EMBED_SWIFT_STANDARD_LIBRARIES = YES;
				BUNDLE_LOADER = "$(TEST_HOST)";
				CODE_SIGN_STYLE = Automatic;
				CURRENT_PROJECT_VERSION = 1;
				DEVELOPMENT_TEAM = QS82QFHKWB;
				GENERATE_INFOPLIST_FILE = YES;
				MACOSX_DEPLOYMENT_TARGET = 14.2;
				MARKETING_VERSION = 1.0;
				PRODUCT_BUNDLE_IDENTIFIER = uk.co.jbmorley.thoughts.apps.appstore.tests;
				PRODUCT_NAME = "$(TARGET_NAME)";
				SWIFT_EMIT_LOC_STRINGS = NO;
				SWIFT_VERSION = 5.0;
				TEST_HOST = "$(BUILT_PRODUCTS_DIR)/Thoughts.app/$(BUNDLE_EXECUTABLE_FOLDER_PATH)/Thoughts";
			};
			name = Debug;
		};
		D852AF282B6027CD00B77A3D /* Release */ = {
			isa = XCBuildConfiguration;
			buildSettings = {
				ALWAYS_EMBED_SWIFT_STANDARD_LIBRARIES = YES;
				BUNDLE_LOADER = "$(TEST_HOST)";
				CODE_SIGN_STYLE = Automatic;
				CURRENT_PROJECT_VERSION = 1;
				DEVELOPMENT_TEAM = QS82QFHKWB;
				GENERATE_INFOPLIST_FILE = YES;
				MACOSX_DEPLOYMENT_TARGET = 14.2;
				MARKETING_VERSION = 1.0;
				PRODUCT_BUNDLE_IDENTIFIER = uk.co.jbmorley.thoughts.apps.appstore.tests;
				PRODUCT_NAME = "$(TARGET_NAME)";
				SWIFT_EMIT_LOC_STRINGS = NO;
				SWIFT_VERSION = 5.0;
				TEST_HOST = "$(BUILT_PRODUCTS_DIR)/Thoughts.app/$(BUNDLE_EXECUTABLE_FOLDER_PATH)/Thoughts";
			};
			name = Release;
		};
		D852AF2A2B6027CD00B77A3D /* Debug */ = {
			isa = XCBuildConfiguration;
			buildSettings = {
				ALWAYS_EMBED_SWIFT_STANDARD_LIBRARIES = YES;
				CODE_SIGN_STYLE = Automatic;
				CURRENT_PROJECT_VERSION = 1;
				DEVELOPMENT_TEAM = QS82QFHKWB;
				GENERATE_INFOPLIST_FILE = YES;
				MARKETING_VERSION = 1.0;
				PRODUCT_BUNDLE_IDENTIFIER = uk.co.jbmorley.thoughts.apps.appstore.uitests;
				PRODUCT_NAME = "$(TARGET_NAME)";
				SWIFT_EMIT_LOC_STRINGS = NO;
				SWIFT_VERSION = 5.0;
				TEST_TARGET_NAME = Thoughts;
			};
			name = Debug;
		};
		D852AF2B2B6027CD00B77A3D /* Release */ = {
			isa = XCBuildConfiguration;
			buildSettings = {
				ALWAYS_EMBED_SWIFT_STANDARD_LIBRARIES = YES;
				CODE_SIGN_STYLE = Automatic;
				CURRENT_PROJECT_VERSION = 1;
				DEVELOPMENT_TEAM = QS82QFHKWB;
				GENERATE_INFOPLIST_FILE = YES;
				MARKETING_VERSION = 1.0;
				PRODUCT_BUNDLE_IDENTIFIER = uk.co.jbmorley.thoughts.apps.appstore.uitests;
				PRODUCT_NAME = "$(TARGET_NAME)";
				SWIFT_EMIT_LOC_STRINGS = NO;
				SWIFT_VERSION = 5.0;
				TEST_TARGET_NAME = Thoughts;
			};
			name = Release;
		};
/* End XCBuildConfiguration section */

/* Begin XCConfigurationList section */
		D852AEF92B6027CA00B77A3D /* Build configuration list for PBXProject "Thoughts" */ = {
			isa = XCConfigurationList;
			buildConfigurations = (
				D852AF212B6027CD00B77A3D /* Debug */,
				D852AF222B6027CD00B77A3D /* Release */,
			);
			defaultConfigurationIsVisible = 0;
			defaultConfigurationName = Release;
		};
		D852AF232B6027CD00B77A3D /* Build configuration list for PBXNativeTarget "Thoughts" */ = {
			isa = XCConfigurationList;
			buildConfigurations = (
				D852AF242B6027CD00B77A3D /* Debug */,
				D852AF252B6027CD00B77A3D /* Release */,
			);
			defaultConfigurationIsVisible = 0;
			defaultConfigurationName = Release;
		};
		D852AF262B6027CD00B77A3D /* Build configuration list for PBXNativeTarget "ThoughtsTests" */ = {
			isa = XCConfigurationList;
			buildConfigurations = (
				D852AF272B6027CD00B77A3D /* Debug */,
				D852AF282B6027CD00B77A3D /* Release */,
			);
			defaultConfigurationIsVisible = 0;
			defaultConfigurationName = Release;
		};
		D852AF292B6027CD00B77A3D /* Build configuration list for PBXNativeTarget "ThoughtsUITests" */ = {
			isa = XCConfigurationList;
			buildConfigurations = (
				D852AF2A2B6027CD00B77A3D /* Debug */,
				D852AF2B2B6027CD00B77A3D /* Release */,
			);
			defaultConfigurationIsVisible = 0;
			defaultConfigurationName = Release;
		};
/* End XCConfigurationList section */

/* Begin XCLocalSwiftPackageReference section */
		D8F06D492B67275B0039AEF4 /* XCLocalSwiftPackageReference "diligence" */ = {
			isa = XCLocalSwiftPackageReference;
			relativePath = diligence;
		};
		D8F06D4C2B6727630039AEF4 /* XCLocalSwiftPackageReference "interact" */ = {
			isa = XCLocalSwiftPackageReference;
			relativePath = interact;
		};
/* End XCLocalSwiftPackageReference section */

/* Begin XCSwiftPackageProductDependency section */
		D8F06D4A2B67275B0039AEF4 /* Diligence */ = {
			isa = XCSwiftPackageProductDependency;
			productName = Diligence;
		};
		D8F06D4D2B6727630039AEF4 /* Interact */ = {
			isa = XCSwiftPackageProductDependency;
			productName = Interact;
		};
/* End XCSwiftPackageProductDependency section */
	};
	rootObject = D852AEF62B6027CA00B77A3D /* Project object */;
}
